
Microsoft Visual Studio Solution File, Format Version 12.00
# Visual Studio Version 17
VisualStudioVersion = 17.1.32319.34
MinimumVisualStudioVersion = 10.0.40219.1
Project("{8BC9CEB8-8B4A-11D0-8D11-00A0C91BC942}") = "PassByValue", "PassByValue\PassByValue.vcxproj", "{C7783132-CF30-4597-AAAF-E90D3E9EAA24}"
EndProject
Project("{2150E333-8FDC-42A3-9474-1A3956D46DE8}") = "UNIT1", "UNIT1", "{C3A72BEC-0E43-4BDD-8798-D408FA5BD78D}"
EndProject
Project("{2150E333-8FDC-42A3-9474-1A3956D46DE8}") = "UNIT2", "UNIT2", "{729BFAB9-C4BE-4699-A38D-9B3BADE59772}"
EndProject
Project("{8BC9CEB8-8B4A-11D0-8D11-00A0C91BC942}") = "PassByPointer", "passbypointer\passbypointer.vcxproj", "{7CD3C75E-EF17-46A0-BF9C-7D1418AD7998}"
EndProject
Project("{8BC9CEB8-8B4A-11D0-8D11-00A0C91BC942}") = "PassByReference", "passbyreference\passbyreference.vcxproj", "{037D8137-D806-475B-B5DE-D5A85BA85BFF}"
EndProject
Project("{2150E333-8FDC-42A3-9474-1A3956D46DE8}") = "UNIT3", "UNIT3", "{DFD09284-2A00-4CB2-B885-84F18045E26C}"
EndProject
Project("{8BC9CEB8-8B4A-11D0-8D11-00A0C91BC942}") = "NewDelete", "NewDelete\NewDelete.vcxproj", "{176E73EE-32C1-4699-9081-BB84B1CEC064}"
EndProject
Project("{8BC9CEB8-8B4A-11D0-8D11-00A0C91BC942}") = "Bool", "Bool\Bool.vcxproj", "{D8F62C93-6466-4645-B32B-137A58B78B36}"
EndProject
Project("{8BC9CEB8-8B4A-11D0-8D11-00A0C91BC942}") = "ListInitialization", "ListInitialization\ListInitialization.vcxproj", "{AC18DC81-5F38-45B1-95BA-8CB98397BA73}"
EndProject
Project("{8BC9CEB8-8B4A-11D0-8D11-00A0C91BC942}") = "TypeConversion", "TypeConversion\TypeConversion.vcxproj", "{96FE07A4-1C04-47EE-AFFA-B68DFAD5FD9E}"
EndProject
Project("{8BC9CEB8-8B4A-11D0-8D11-00A0C91BC942}") = "DataType", "DataType\DataType.vcxproj", "{13728D4D-8477-46D7-AC66-9659490EE1FB}"
EndProject
Project("{8BC9CEB8-8B4A-11D0-8D11-00A0C91BC942}") = "Auto", "Auto\Auto.vcxproj", "{3C1EFD46-D885-40B9-BDA9-50A20223B465}"
EndProject
Project("{8BC9CEB8-8B4A-11D0-8D11-00A0C91BC942}") = "DeclType", "DeclType\DeclType.vcxproj", "{42513312-01BA-4B2D-B135-825363CBD387}"
EndProject
Project("{2150E333-8FDC-42A3-9474-1A3956D46DE8}") = "UNIT4", "UNIT4", "{93426681-8CA3-4F4C-BA18-A1501C504C73}"
EndProject
Project("{8BC9CEB8-8B4A-11D0-8D11-00A0C91BC942}") = "Aloha", "Aloha\Aloha.vcxproj", "{36D60A6B-723B-47FE-B317-3CF419DC88BE}"
EndProject
Project("{8BC9CEB8-8B4A-11D0-8D11-00A0C91BC942}") = "Aloha2", "Aloha2\Aloha2.vcxproj", "{49263465-8B6E-418E-BB43-F5CF6D72E99B}"
EndProject
Project("{8BC9CEB8-8B4A-11D0-8D11-00A0C91BC942}") = "Aloha3", "Aloha3\Aloha3.vcxproj", "{729171F5-BE5A-4105-A87B-A8EA554121EA}"
EndProject
Project("{8BC9CEB8-8B4A-11D0-8D11-00A0C91BC942}") = "ConstPointer", "ConstPointer\ConstPointer.vcxproj", "{D48F3280-B29A-4C9C-A6D5-E8962A6F77CE}"
EndProject
Project("{8BC9CEB8-8B4A-11D0-8D11-00A0C91BC942}") = "Using_Typedef", "Using_Typedef\Using_Typedef.vcxproj", "{69818C49-2E76-47EC-9214-64058F37C96B}"
EndProject
Project("{8BC9CEB8-8B4A-11D0-8D11-00A0C91BC942}") = "Global", "SpecialFunction\SpecialFunction.vcxproj", "{C618507D-6C6D-434E-A7D8-3E0D5D2F13AF}"
EndProject
Project("{8BC9CEB8-8B4A-11D0-8D11-00A0C91BC942}") = "OverLoading", "Specialfunction1\Specialfunction1.vcxproj", "{94CA0936-34B0-47C2-B931-63B15CDD1B6A}"
EndProject
Project("{8BC9CEB8-8B4A-11D0-8D11-00A0C91BC942}") = "DefaultArguments", "DefaultArguments\DefaultArguments.vcxproj", "{D813A234-731D-4440-9567-7D84277D9714}"
EndProject
Project("{8BC9CEB8-8B4A-11D0-8D11-00A0C91BC942}") = "Template", "Template\Template.vcxproj", "{78C34299-2C2A-4F19-B773-23AACBF82876}"
EndProject
Project("{2150E333-8FDC-42A3-9474-1A3956D46DE8}") = "UNIT5", "UNIT5", "{B836C41B-573D-4547-A441-D9CA2659560D}"
EndProject
Project("{8BC9CEB8-8B4A-11D0-8D11-00A0C91BC942}") = "For", "For\For.vcxproj", "{49A0CCF8-1742-4B64-A378-E464F0D8E748}"
EndProject
Project("{8BC9CEB8-8B4A-11D0-8D11-00A0C91BC942}") = "If", "If\If.vcxproj", "{98E74DD6-C0D0-4579-A79C-4B3ABD33D523}"
EndProject
Project("{8BC9CEB8-8B4A-11D0-8D11-00A0C91BC942}") = "RAND", "RAND\RAND.vcxproj", "{2ADDCDD5-47B3-4ED6-B003-9B2B0C870B7F}"
EndProject
Project("{8BC9CEB8-8B4A-11D0-8D11-00A0C91BC942}") = "Switch", "Switch\Switch.vcxproj", "{63C04F36-AB5C-41A5-BF57-EDD4BACD0D5C}"
EndProject
Project("{2150E333-8FDC-42A3-9474-1A3956D46DE8}") = "UNIT6", "UNIT6", "{5012B350-2FF3-4815-AC5C-7EA5789719FC}"
EndProject
Project("{8BC9CEB8-8B4A-11D0-8D11-00A0C91BC942}") = "CLASS", "CLASS\CLASS.vcxproj", "{3DFA2C2D-76E5-4804-9F2C-BD5734B896A1}"
EndProject
Project("{8BC9CEB8-8B4A-11D0-8D11-00A0C91BC942}") = "ObjectCopy", "ObjectCopy\ObjectCopy.vcxproj", "{8C0CACEC-C38B-49D1-B05D-20689D521582}"
EndProject
Project("{8BC9CEB8-8B4A-11D0-8D11-00A0C91BC942}") = "AnonymousObject", "AnonymousObject\AnonymousObject.vcxproj", "{954380D7-E2DC-4271-8D6C-E14B2EA99629}"
EndProject
Project("{8BC9CEB8-8B4A-11D0-8D11-00A0C91BC942}") = "SeparatingDeclarationFromImplementation", "SeparatingDeclarationFromImplementation\SeparatingDeclarationFromImplementation.vcxproj", "{70B009FF-60CA-4895-9DCE-511C49403D03}"
EndProject
Project("{8BC9CEB8-8B4A-11D0-8D11-00A0C91BC942}") = "SeparatingDEC_IMP", "SeparatingDEC_IMP\SeparatingDEC_IMP.vcxproj", "{A5687138-00F8-405D-AB48-50EF15C3CB68}"
EndProject
Project("{2150E333-8FDC-42A3-9474-1A3956D46DE8}") = "UNIT7", "UNIT7", "{A51FDA97-2E94-4006-9371-6B3B57CBD9F9}"
EndProject
Project("{8BC9CEB8-8B4A-11D0-8D11-00A0C91BC942}") = "ObjectPointer", "ObjectPointer\ObjectPointer.vcxproj", "{9AFC7627-7D14-420E-B944-8D46FE13B027}"
EndProject
Project("{8BC9CEB8-8B4A-11D0-8D11-00A0C91BC942}") = "ArrayOfObjects", "ArrayOfObjects\ArrayOfObjects.vcxproj", "{AEB64740-B249-4AB6-8D36-86FF191F6978}"
EndProject
Project("{8BC9CEB8-8B4A-11D0-8D11-00A0C91BC942}") = "ObjectAsArgument", "ObjectAsArgument\ObjectAsArgument.vcxproj", "{861B9282-88D0-402B-9A8E-7587F85C5A0E}"
EndProject
Project("{8BC9CEB8-8B4A-11D0-8D11-00A0C91BC942}") = "ObjectAsReturnValue", "ObjectAsReturnValue\ObjectAsReturnValue.vcxproj", "{B9C34AF0-D771-4588-9747-01A204FC3BC8}"
EndProject
Project("{8BC9CEB8-8B4A-11D0-8D11-00A0C91BC942}") = "InClassInitializer", "InClassInitializer\InClassInitializer.vcxproj", "{58E98E98-93BD-4206-89AF-4C0ECC48A649}"
EndProject
Project("{2150E333-8FDC-42A3-9474-1A3956D46DE8}") = "UNIT8", "UNIT8", "{97987911-2010-4550-9D97-F188B99BF736}"
EndProject
Project("{8BC9CEB8-8B4A-11D0-8D11-00A0C91BC942}") = "DefaultConstructor", "DefaultConstructor\DefaultConstructor.vcxproj", "{6F9B197C-4B6C-43D8-A2C3-FDDB112DAB3E}"
EndProject
Project("{8BC9CEB8-8B4A-11D0-8D11-00A0C91BC942}") = "String", "String\String.vcxproj", "{9792213B-3DAE-4DFA-B271-AC63845D640A}"
EndProject
Project("{8BC9CEB8-8B4A-11D0-8D11-00A0C91BC942}") = "Array", "Array\Array.vcxproj", "{564E2BFE-E2FF-4307-BC81-98AABD27DBA8}"
EndProject
Project("{8BC9CEB8-8B4A-11D0-8D11-00A0C91BC942}") = "Constexpr", "Constexpr\Constexpr.vcxproj", "{EC059F76-5CB9-4142-838B-F2D16676E93C}"
EndProject
Project("{8BC9CEB8-8B4A-11D0-8D11-00A0C91BC942}") = "ImmutableObject", "ImmutableObject\ImmutableObject.vcxproj", "{D1290E6D-E048-481A-9333-C0CDFE203BFC}"
EndProject
Project("{8BC9CEB8-8B4A-11D0-8D11-00A0C91BC942}") = "StaticMembers", "StaticMembers\StaticMembers.vcxproj", "{51FD1500-8EAD-416A-B5A2-69F0C7724C6C}"
EndProject
Project("{8BC9CEB8-8B4A-11D0-8D11-00A0C91BC942}") = "Destructor", "Destructor\Destructor.vcxproj", "{7CFDE345-DFB2-4117-BF22-21918F3B743F}"
EndProject
Project("{2150E333-8FDC-42A3-9474-1A3956D46DE8}") = "TEST", "TEST", "{FA8C8B23-B902-493A-AC90-39D9EFFF5C63}"
EndProject
Project("{8BC9CEB8-8B4A-11D0-8D11-00A0C91BC942}") = "test123", "test123\test123.vcxproj", "{5E4A743A-8326-4C86-BCBC-899594A15C34}"
EndProject
Project("{8BC9CEB8-8B4A-11D0-8D11-00A0C91BC942}") = "CopyCtor", "CopyCtor\CopyCtor.vcxproj", "{1441991F-1E10-49D7-888D-FE780FE000DC}"
EndProject
Project("{8BC9CEB8-8B4A-11D0-8D11-00A0C91BC942}") = "DeepCopy", "DeepCopy\DeepCopy.vcxproj", "{B7ADB127-6865-4972-B284-E03AEC1107FE}"
EndProject
Project("{2150E333-8FDC-42A3-9474-1A3956D46DE8}") = "UNIT9", "UNIT9", "{5A6AEB9C-E4A2-4B99-9737-9C4048E53D55}"
EndProject
Project("{8BC9CEB8-8B4A-11D0-8D11-00A0C91BC942}") = "Vector", "Vector\Vector.vcxproj", "{17D13005-8FAC-4D9E-8303-603D8A511C94}"
EndProject
Project("{2150E333-8FDC-42A3-9474-1A3956D46DE8}") = "Stack", "Stack", "{EEA46A14-1DB6-400A-9B56-A10DB5001556}"
EndProject
Project("{8BC9CEB8-8B4A-11D0-8D11-00A0C91BC942}") = "Stack", "Stack\Stack.vcxproj", "{F21B1470-D240-406A-90F9-F26C521FF4A7}"
EndProject
Project("{8BC9CEB8-8B4A-11D0-8D11-00A0C91BC942}") = "StructuredBinding1", "StructuredBinding1\StructuredBinding1.vcxproj", "{B8CF69A6-71FF-4AFD-9712-A02F826E8406}"
EndProject
Project("{8BC9CEB8-8B4A-11D0-8D11-00A0C91BC942}") = "StructuredBinding2", "StructuredBinding2\StructuredBinding2.vcxproj", "{D4B52036-9215-4990-A029-7B048FC5CBAF}"
EndProject
Project("{2150E333-8FDC-42A3-9474-1A3956D46DE8}") = "UNIT10", "UNIT10", "{CB31AB50-0235-48A7-888F-3A2472A26AF5}"
EndProject
Project("{8BC9CEB8-8B4A-11D0-8D11-00A0C91BC942}") = "Inheritance", "Inheritance\Inheritance.vcxproj", "{E6A93172-71AC-4B70-AEBD-BC22A4574FA7}"
EndProject
Project("{8BC9CEB8-8B4A-11D0-8D11-00A0C91BC942}") = "BaseClassCtor", "BaseClassCtor\BaseClassCtor.vcxproj", "{BA049039-6BCD-4E9E-9BD5-783BB2D46B1B}"
EndProject
Project("{8BC9CEB8-8B4A-11D0-8D11-00A0C91BC942}") = "DefaultBaseClassCtor", "DefaultBaseClassCtor\DefaultBaseClassCtor.vcxproj", "{C48B0D0F-30BA-4DE7-B5A7-ABEF64C02E1C}"
EndProject
Project("{8BC9CEB8-8B4A-11D0-8D11-00A0C91BC942}") = "CtorChain", "CtorChain\CtorChain.vcxproj", "{9640F2AB-FCDD-4FE4-9126-849450A17668}"
EndProject
Project("{8BC9CEB8-8B4A-11D0-8D11-00A0C91BC942}") = "RedefineFunctions", "RedefineFunctions\RedefineFunctions.vcxproj", "{06D8C686-A3F7-4446-A544-00C68EEB006D}"
EndProject
Project("{2150E333-8FDC-42A3-9474-1A3956D46DE8}") = "UNIT11", "UNIT11", "{97C3220A-1279-40B5-B47A-24AC4AEF4C66}"
EndProject
Project("{8BC9CEB8-8B4A-11D0-8D11-00A0C91BC942}") = "Polymorphism", "Polymorphism\Polymorphism.vcxproj", "{AA4AB3DC-DBD6-4A7B-949D-1E3753985660}"
EndProject
Project("{8BC9CEB8-8B4A-11D0-8D11-00A0C91BC942}") = "Polymorphism1", "Polymorphism1\Polymorphism1.vcxproj", "{84208ABF-9A2B-495E-B290-22556F9B79CF}"
EndProject
Project("{8BC9CEB8-8B4A-11D0-8D11-00A0C91BC942}") = "Accessibility", "Accessibility\Accessibility.vcxproj", "{28544415-D152-448C-96E3-CF43CC35E8E9}"
EndProject
Project("{2150E333-8FDC-42A3-9474-1A3956D46DE8}") = "UNIT12", "UNIT12", "{4B02589A-52C3-4264-BA32-DC8AC5E09C59}"
EndProject
Project("{8BC9CEB8-8B4A-11D0-8D11-00A0C91BC942}") = "AbstractClass", "AbstractClass\AbstractClass.vcxproj", "{F9100C31-D34C-4DA6-91ED-41A8D093BB3D}"
EndProject
Project("{2150E333-8FDC-42A3-9474-1A3956D46DE8}") = "UNIT13", "UNIT13", "{5C5481AD-7DD6-4E69-B6BA-6E6EEF45CFCA}"
EndProject
Project("{8BC9CEB8-8B4A-11D0-8D11-00A0C91BC942}") = "CheckPath", "CheckPath\CheckPath.vcxproj", "{30DF8636-2741-462E-B00B-BB0C76F245A7}"
EndProject
Project("{8BC9CEB8-8B4A-11D0-8D11-00A0C91BC942}") = "PathQuery", "PathQuery\PathQuery.vcxproj", "{5309AED2-DB93-4E0A-9A1F-221D0FD9F678}"
EndProject
Project("{8BC9CEB8-8B4A-11D0-8D11-00A0C91BC942}") = "PathOperators", "PathOperators\PathOperators.vcxproj", "{8B8FB886-59BE-4022-94DD-5FE91B3A7186}"
EndProject
Project("{8BC9CEB8-8B4A-11D0-8D11-00A0C91BC942}") = "PathSpace", "PathSpace\PathSpace.vcxproj", "{CD7453F5-5CF4-4FC5-AB79-E1CC5E6615BE}"
EndProject
Project("{2150E333-8FDC-42A3-9474-1A3956D46DE8}") = "UNIT14", "UNIT14", "{2A6FF8FA-5AD9-48A7-B5D5-454ACE19B7EC}"
EndProject
Project("{8BC9CEB8-8B4A-11D0-8D11-00A0C91BC942}") = "BufferedIO", "BufferedIO\BufferedIO.vcxproj", "{5B320525-70A4-424C-BE83-36FD6767E75B}"
EndProject
Project("{8BC9CEB8-8B4A-11D0-8D11-00A0C91BC942}") = "Fileoutput", "Fileoutput\Fileoutput.vcxproj", "{28472B8D-B4AA-4A58-89D7-4C243EFF18EC}"
EndProject
Project("{8BC9CEB8-8B4A-11D0-8D11-00A0C91BC942}") = "FileInput", "FileInput\FileInput.vcxproj", "{4193F0C5-5300-4C32-8C71-B1680B3DA72F}"
EndProject
Project("{8BC9CEB8-8B4A-11D0-8D11-00A0C91BC942}") = "FormatOutput", "FormatOutput\FormatOutput.vcxproj", "{46977AC3-57C0-4AD4-8070-EA74C5F13D6C}"
EndProject
Project("{8BC9CEB8-8B4A-11D0-8D11-00A0C91BC942}") = "GetlineDemo", "GetlineDemo\GetlineDemo.vcxproj", "{77F129CC-BADB-45C4-9AF0-F38756B5B285}"
EndProject
Project("{8BC9CEB8-8B4A-11D0-8D11-00A0C91BC942}") = "FileOpenMode", "FileOpenMode\FileOpenMode.vcxproj", "{60A9C17F-1D35-4B04-8940-FB8D168162EF}"
EndProject
Project("{8BC9CEB8-8B4A-11D0-8D11-00A0C91BC942}") = "BinaryIO", "BinaryIO\BinaryIO.vcxproj", "{F6E10D2B-2805-42A3-BCE5-F21A18A0F0F3}"
EndProject
Project("{8BC9CEB8-8B4A-11D0-8D11-00A0C91BC942}") = "RandomAccess", "RandomAccess\RandomAccess.vcxproj", "{9B6EA9DD-BACE-44FF-BAAE-6F78E7697CE3}"
EndProject
Project("{2150E333-8FDC-42A3-9474-1A3956D46DE8}") = "UNIT15", "UNIT15", "{76013544-57D2-4305-949F-808AF548D769}"
EndProject
Project("{8BC9CEB8-8B4A-11D0-8D11-00A0C91BC942}") = "Vec2D", "Vec2D\Vec2D.vcxproj", "{7BF401EB-C232-4B6E-826F-76EDDB430323}"
EndProject
Global
	GlobalSection(SolutionConfigurationPlatforms) = preSolution
		Debug|x64 = Debug|x64
		Debug|x86 = Debug|x86
		Release|x64 = Release|x64
		Release|x86 = Release|x86
	EndGlobalSection
	GlobalSection(ProjectConfigurationPlatforms) = postSolution
		{C7783132-CF30-4597-AAAF-E90D3E9EAA24}.Debug|x64.ActiveCfg = Debug|x64
		{C7783132-CF30-4597-AAAF-E90D3E9EAA24}.Debug|x64.Build.0 = Debug|x64
		{C7783132-CF30-4597-AAAF-E90D3E9EAA24}.Debug|x86.ActiveCfg = Debug|Win32
		{C7783132-CF30-4597-AAAF-E90D3E9EAA24}.Debug|x86.Build.0 = Debug|Win32
		{C7783132-CF30-4597-AAAF-E90D3E9EAA24}.Release|x64.ActiveCfg = Release|x64
		{C7783132-CF30-4597-AAAF-E90D3E9EAA24}.Release|x64.Build.0 = Release|x64
		{C7783132-CF30-4597-AAAF-E90D3E9EAA24}.Release|x86.ActiveCfg = Release|Win32
		{C7783132-CF30-4597-AAAF-E90D3E9EAA24}.Release|x86.Build.0 = Release|Win32
		{7CD3C75E-EF17-46A0-BF9C-7D1418AD7998}.Debug|x64.ActiveCfg = Debug|x64
		{7CD3C75E-EF17-46A0-BF9C-7D1418AD7998}.Debug|x64.Build.0 = Debug|x64
		{7CD3C75E-EF17-46A0-BF9C-7D1418AD7998}.Debug|x86.ActiveCfg = Debug|Win32
		{7CD3C75E-EF17-46A0-BF9C-7D1418AD7998}.Debug|x86.Build.0 = Debug|Win32
		{7CD3C75E-EF17-46A0-BF9C-7D1418AD7998}.Release|x64.ActiveCfg = Release|x64
		{7CD3C75E-EF17-46A0-BF9C-7D1418AD7998}.Release|x64.Build.0 = Release|x64
		{7CD3C75E-EF17-46A0-BF9C-7D1418AD7998}.Release|x86.ActiveCfg = Release|Win32
		{7CD3C75E-EF17-46A0-BF9C-7D1418AD7998}.Release|x86.Build.0 = Release|Win32
		{037D8137-D806-475B-B5DE-D5A85BA85BFF}.Debug|x64.ActiveCfg = Debug|x64
		{037D8137-D806-475B-B5DE-D5A85BA85BFF}.Debug|x64.Build.0 = Debug|x64
		{037D8137-D806-475B-B5DE-D5A85BA85BFF}.Debug|x86.ActiveCfg = Debug|Win32
		{037D8137-D806-475B-B5DE-D5A85BA85BFF}.Debug|x86.Build.0 = Debug|Win32
		{037D8137-D806-475B-B5DE-D5A85BA85BFF}.Release|x64.ActiveCfg = Release|x64
		{037D8137-D806-475B-B5DE-D5A85BA85BFF}.Release|x64.Build.0 = Release|x64
		{037D8137-D806-475B-B5DE-D5A85BA85BFF}.Release|x86.ActiveCfg = Release|Win32
		{037D8137-D806-475B-B5DE-D5A85BA85BFF}.Release|x86.Build.0 = Release|Win32
		{176E73EE-32C1-4699-9081-BB84B1CEC064}.Debug|x64.ActiveCfg = Debug|x64
		{176E73EE-32C1-4699-9081-BB84B1CEC064}.Debug|x64.Build.0 = Debug|x64
		{176E73EE-32C1-4699-9081-BB84B1CEC064}.Debug|x86.ActiveCfg = Debug|Win32
		{176E73EE-32C1-4699-9081-BB84B1CEC064}.Debug|x86.Build.0 = Debug|Win32
		{176E73EE-32C1-4699-9081-BB84B1CEC064}.Release|x64.ActiveCfg = Release|x64
		{176E73EE-32C1-4699-9081-BB84B1CEC064}.Release|x64.Build.0 = Release|x64
		{176E73EE-32C1-4699-9081-BB84B1CEC064}.Release|x86.ActiveCfg = Release|Win32
		{176E73EE-32C1-4699-9081-BB84B1CEC064}.Release|x86.Build.0 = Release|Win32
		{D8F62C93-6466-4645-B32B-137A58B78B36}.Debug|x64.ActiveCfg = Debug|x64
		{D8F62C93-6466-4645-B32B-137A58B78B36}.Debug|x64.Build.0 = Debug|x64
		{D8F62C93-6466-4645-B32B-137A58B78B36}.Debug|x86.ActiveCfg = Debug|Win32
		{D8F62C93-6466-4645-B32B-137A58B78B36}.Debug|x86.Build.0 = Debug|Win32
		{D8F62C93-6466-4645-B32B-137A58B78B36}.Release|x64.ActiveCfg = Release|x64
		{D8F62C93-6466-4645-B32B-137A58B78B36}.Release|x64.Build.0 = Release|x64
		{D8F62C93-6466-4645-B32B-137A58B78B36}.Release|x86.ActiveCfg = Release|Win32
		{D8F62C93-6466-4645-B32B-137A58B78B36}.Release|x86.Build.0 = Release|Win32
		{AC18DC81-5F38-45B1-95BA-8CB98397BA73}.Debug|x64.ActiveCfg = Debug|x64
		{AC18DC81-5F38-45B1-95BA-8CB98397BA73}.Debug|x64.Build.0 = Debug|x64
		{AC18DC81-5F38-45B1-95BA-8CB98397BA73}.Debug|x86.ActiveCfg = Debug|Win32
		{AC18DC81-5F38-45B1-95BA-8CB98397BA73}.Debug|x86.Build.0 = Debug|Win32
		{AC18DC81-5F38-45B1-95BA-8CB98397BA73}.Release|x64.ActiveCfg = Release|x64
		{AC18DC81-5F38-45B1-95BA-8CB98397BA73}.Release|x64.Build.0 = Release|x64
		{AC18DC81-5F38-45B1-95BA-8CB98397BA73}.Release|x86.ActiveCfg = Release|Win32
		{AC18DC81-5F38-45B1-95BA-8CB98397BA73}.Release|x86.Build.0 = Release|Win32
		{96FE07A4-1C04-47EE-AFFA-B68DFAD5FD9E}.Debug|x64.ActiveCfg = Debug|x64
		{96FE07A4-1C04-47EE-AFFA-B68DFAD5FD9E}.Debug|x64.Build.0 = Debug|x64
		{96FE07A4-1C04-47EE-AFFA-B68DFAD5FD9E}.Debug|x86.ActiveCfg = Debug|Win32
		{96FE07A4-1C04-47EE-AFFA-B68DFAD5FD9E}.Debug|x86.Build.0 = Debug|Win32
		{96FE07A4-1C04-47EE-AFFA-B68DFAD5FD9E}.Release|x64.ActiveCfg = Release|x64
		{96FE07A4-1C04-47EE-AFFA-B68DFAD5FD9E}.Release|x64.Build.0 = Release|x64
		{96FE07A4-1C04-47EE-AFFA-B68DFAD5FD9E}.Release|x86.ActiveCfg = Release|Win32
		{96FE07A4-1C04-47EE-AFFA-B68DFAD5FD9E}.Release|x86.Build.0 = Release|Win32
		{13728D4D-8477-46D7-AC66-9659490EE1FB}.Debug|x64.ActiveCfg = Debug|x64
		{13728D4D-8477-46D7-AC66-9659490EE1FB}.Debug|x64.Build.0 = Debug|x64
		{13728D4D-8477-46D7-AC66-9659490EE1FB}.Debug|x86.ActiveCfg = Debug|Win32
		{13728D4D-8477-46D7-AC66-9659490EE1FB}.Debug|x86.Build.0 = Debug|Win32
		{13728D4D-8477-46D7-AC66-9659490EE1FB}.Release|x64.ActiveCfg = Release|x64
		{13728D4D-8477-46D7-AC66-9659490EE1FB}.Release|x64.Build.0 = Release|x64
		{13728D4D-8477-46D7-AC66-9659490EE1FB}.Release|x86.ActiveCfg = Release|Win32
		{13728D4D-8477-46D7-AC66-9659490EE1FB}.Release|x86.Build.0 = Release|Win32
		{3C1EFD46-D885-40B9-BDA9-50A20223B465}.Debug|x64.ActiveCfg = Debug|x64
		{3C1EFD46-D885-40B9-BDA9-50A20223B465}.Debug|x64.Build.0 = Debug|x64
		{3C1EFD46-D885-40B9-BDA9-50A20223B465}.Debug|x86.ActiveCfg = Debug|Win32
		{3C1EFD46-D885-40B9-BDA9-50A20223B465}.Debug|x86.Build.0 = Debug|Win32
		{3C1EFD46-D885-40B9-BDA9-50A20223B465}.Release|x64.ActiveCfg = Release|x64
		{3C1EFD46-D885-40B9-BDA9-50A20223B465}.Release|x64.Build.0 = Release|x64
		{3C1EFD46-D885-40B9-BDA9-50A20223B465}.Release|x86.ActiveCfg = Release|Win32
		{3C1EFD46-D885-40B9-BDA9-50A20223B465}.Release|x86.Build.0 = Release|Win32
		{42513312-01BA-4B2D-B135-825363CBD387}.Debug|x64.ActiveCfg = Debug|x64
		{42513312-01BA-4B2D-B135-825363CBD387}.Debug|x64.Build.0 = Debug|x64
		{42513312-01BA-4B2D-B135-825363CBD387}.Debug|x86.ActiveCfg = Debug|Win32
		{42513312-01BA-4B2D-B135-825363CBD387}.Debug|x86.Build.0 = Debug|Win32
		{42513312-01BA-4B2D-B135-825363CBD387}.Release|x64.ActiveCfg = Release|x64
		{42513312-01BA-4B2D-B135-825363CBD387}.Release|x64.Build.0 = Release|x64
		{42513312-01BA-4B2D-B135-825363CBD387}.Release|x86.ActiveCfg = Release|Win32
		{42513312-01BA-4B2D-B135-825363CBD387}.Release|x86.Build.0 = Release|Win32
		{36D60A6B-723B-47FE-B317-3CF419DC88BE}.Debug|x64.ActiveCfg = Debug|x64
		{36D60A6B-723B-47FE-B317-3CF419DC88BE}.Debug|x64.Build.0 = Debug|x64
		{36D60A6B-723B-47FE-B317-3CF419DC88BE}.Debug|x86.ActiveCfg = Debug|Win32
		{36D60A6B-723B-47FE-B317-3CF419DC88BE}.Debug|x86.Build.0 = Debug|Win32
		{36D60A6B-723B-47FE-B317-3CF419DC88BE}.Release|x64.ActiveCfg = Release|x64
		{36D60A6B-723B-47FE-B317-3CF419DC88BE}.Release|x64.Build.0 = Release|x64
		{36D60A6B-723B-47FE-B317-3CF419DC88BE}.Release|x86.ActiveCfg = Release|Win32
		{36D60A6B-723B-47FE-B317-3CF419DC88BE}.Release|x86.Build.0 = Release|Win32
		{49263465-8B6E-418E-BB43-F5CF6D72E99B}.Debug|x64.ActiveCfg = Debug|x64
		{49263465-8B6E-418E-BB43-F5CF6D72E99B}.Debug|x64.Build.0 = Debug|x64
		{49263465-8B6E-418E-BB43-F5CF6D72E99B}.Debug|x86.ActiveCfg = Debug|Win32
		{49263465-8B6E-418E-BB43-F5CF6D72E99B}.Debug|x86.Build.0 = Debug|Win32
		{49263465-8B6E-418E-BB43-F5CF6D72E99B}.Release|x64.ActiveCfg = Release|x64
		{49263465-8B6E-418E-BB43-F5CF6D72E99B}.Release|x64.Build.0 = Release|x64
		{49263465-8B6E-418E-BB43-F5CF6D72E99B}.Release|x86.ActiveCfg = Release|Win32
		{49263465-8B6E-418E-BB43-F5CF6D72E99B}.Release|x86.Build.0 = Release|Win32
		{729171F5-BE5A-4105-A87B-A8EA554121EA}.Debug|x64.ActiveCfg = Debug|x64
		{729171F5-BE5A-4105-A87B-A8EA554121EA}.Debug|x64.Build.0 = Debug|x64
		{729171F5-BE5A-4105-A87B-A8EA554121EA}.Debug|x86.ActiveCfg = Debug|Win32
		{729171F5-BE5A-4105-A87B-A8EA554121EA}.Debug|x86.Build.0 = Debug|Win32
		{729171F5-BE5A-4105-A87B-A8EA554121EA}.Release|x64.ActiveCfg = Release|x64
		{729171F5-BE5A-4105-A87B-A8EA554121EA}.Release|x64.Build.0 = Release|x64
		{729171F5-BE5A-4105-A87B-A8EA554121EA}.Release|x86.ActiveCfg = Release|Win32
		{729171F5-BE5A-4105-A87B-A8EA554121EA}.Release|x86.Build.0 = Release|Win32
		{D48F3280-B29A-4C9C-A6D5-E8962A6F77CE}.Debug|x64.ActiveCfg = Debug|x64
		{D48F3280-B29A-4C9C-A6D5-E8962A6F77CE}.Debug|x64.Build.0 = Debug|x64
		{D48F3280-B29A-4C9C-A6D5-E8962A6F77CE}.Debug|x86.ActiveCfg = Debug|Win32
		{D48F3280-B29A-4C9C-A6D5-E8962A6F77CE}.Debug|x86.Build.0 = Debug|Win32
		{D48F3280-B29A-4C9C-A6D5-E8962A6F77CE}.Release|x64.ActiveCfg = Release|x64
		{D48F3280-B29A-4C9C-A6D5-E8962A6F77CE}.Release|x64.Build.0 = Release|x64
		{D48F3280-B29A-4C9C-A6D5-E8962A6F77CE}.Release|x86.ActiveCfg = Release|Win32
		{D48F3280-B29A-4C9C-A6D5-E8962A6F77CE}.Release|x86.Build.0 = Release|Win32
		{69818C49-2E76-47EC-9214-64058F37C96B}.Debug|x64.ActiveCfg = Debug|x64
		{69818C49-2E76-47EC-9214-64058F37C96B}.Debug|x64.Build.0 = Debug|x64
		{69818C49-2E76-47EC-9214-64058F37C96B}.Debug|x86.ActiveCfg = Debug|Win32
		{69818C49-2E76-47EC-9214-64058F37C96B}.Debug|x86.Build.0 = Debug|Win32
		{69818C49-2E76-47EC-9214-64058F37C96B}.Release|x64.ActiveCfg = Release|x64
		{69818C49-2E76-47EC-9214-64058F37C96B}.Release|x64.Build.0 = Release|x64
		{69818C49-2E76-47EC-9214-64058F37C96B}.Release|x86.ActiveCfg = Release|Win32
		{69818C49-2E76-47EC-9214-64058F37C96B}.Release|x86.Build.0 = Release|Win32
		{C618507D-6C6D-434E-A7D8-3E0D5D2F13AF}.Debug|x64.ActiveCfg = Debug|x64
		{C618507D-6C6D-434E-A7D8-3E0D5D2F13AF}.Debug|x64.Build.0 = Debug|x64
		{C618507D-6C6D-434E-A7D8-3E0D5D2F13AF}.Debug|x86.ActiveCfg = Debug|Win32
		{C618507D-6C6D-434E-A7D8-3E0D5D2F13AF}.Debug|x86.Build.0 = Debug|Win32
		{C618507D-6C6D-434E-A7D8-3E0D5D2F13AF}.Release|x64.ActiveCfg = Release|x64
		{C618507D-6C6D-434E-A7D8-3E0D5D2F13AF}.Release|x64.Build.0 = Release|x64
		{C618507D-6C6D-434E-A7D8-3E0D5D2F13AF}.Release|x86.ActiveCfg = Release|Win32
		{C618507D-6C6D-434E-A7D8-3E0D5D2F13AF}.Release|x86.Build.0 = Release|Win32
		{94CA0936-34B0-47C2-B931-63B15CDD1B6A}.Debug|x64.ActiveCfg = Debug|x64
		{94CA0936-34B0-47C2-B931-63B15CDD1B6A}.Debug|x64.Build.0 = Debug|x64
		{94CA0936-34B0-47C2-B931-63B15CDD1B6A}.Debug|x86.ActiveCfg = Debug|Win32
		{94CA0936-34B0-47C2-B931-63B15CDD1B6A}.Debug|x86.Build.0 = Debug|Win32
		{94CA0936-34B0-47C2-B931-63B15CDD1B6A}.Release|x64.ActiveCfg = Release|x64
		{94CA0936-34B0-47C2-B931-63B15CDD1B6A}.Release|x64.Build.0 = Release|x64
		{94CA0936-34B0-47C2-B931-63B15CDD1B6A}.Release|x86.ActiveCfg = Release|Win32
		{94CA0936-34B0-47C2-B931-63B15CDD1B6A}.Release|x86.Build.0 = Release|Win32
		{D813A234-731D-4440-9567-7D84277D9714}.Debug|x64.ActiveCfg = Debug|x64
		{D813A234-731D-4440-9567-7D84277D9714}.Debug|x64.Build.0 = Debug|x64
		{D813A234-731D-4440-9567-7D84277D9714}.Debug|x86.ActiveCfg = Debug|Win32
		{D813A234-731D-4440-9567-7D84277D9714}.Debug|x86.Build.0 = Debug|Win32
		{D813A234-731D-4440-9567-7D84277D9714}.Release|x64.ActiveCfg = Release|x64
		{D813A234-731D-4440-9567-7D84277D9714}.Release|x64.Build.0 = Release|x64
		{D813A234-731D-4440-9567-7D84277D9714}.Release|x86.ActiveCfg = Release|Win32
		{D813A234-731D-4440-9567-7D84277D9714}.Release|x86.Build.0 = Release|Win32
		{78C34299-2C2A-4F19-B773-23AACBF82876}.Debug|x64.ActiveCfg = Debug|x64
		{78C34299-2C2A-4F19-B773-23AACBF82876}.Debug|x64.Build.0 = Debug|x64
		{78C34299-2C2A-4F19-B773-23AACBF82876}.Debug|x86.ActiveCfg = Debug|Win32
		{78C34299-2C2A-4F19-B773-23AACBF82876}.Debug|x86.Build.0 = Debug|Win32
		{78C34299-2C2A-4F19-B773-23AACBF82876}.Release|x64.ActiveCfg = Release|x64
		{78C34299-2C2A-4F19-B773-23AACBF82876}.Release|x64.Build.0 = Release|x64
		{78C34299-2C2A-4F19-B773-23AACBF82876}.Release|x86.ActiveCfg = Release|Win32
		{78C34299-2C2A-4F19-B773-23AACBF82876}.Release|x86.Build.0 = Release|Win32
		{49A0CCF8-1742-4B64-A378-E464F0D8E748}.Debug|x64.ActiveCfg = Debug|x64
		{49A0CCF8-1742-4B64-A378-E464F0D8E748}.Debug|x64.Build.0 = Debug|x64
		{49A0CCF8-1742-4B64-A378-E464F0D8E748}.Debug|x86.ActiveCfg = Debug|Win32
		{49A0CCF8-1742-4B64-A378-E464F0D8E748}.Debug|x86.Build.0 = Debug|Win32
		{49A0CCF8-1742-4B64-A378-E464F0D8E748}.Release|x64.ActiveCfg = Release|x64
		{49A0CCF8-1742-4B64-A378-E464F0D8E748}.Release|x64.Build.0 = Release|x64
		{49A0CCF8-1742-4B64-A378-E464F0D8E748}.Release|x86.ActiveCfg = Release|Win32
		{49A0CCF8-1742-4B64-A378-E464F0D8E748}.Release|x86.Build.0 = Release|Win32
		{98E74DD6-C0D0-4579-A79C-4B3ABD33D523}.Debug|x64.ActiveCfg = Debug|x64
		{98E74DD6-C0D0-4579-A79C-4B3ABD33D523}.Debug|x64.Build.0 = Debug|x64
		{98E74DD6-C0D0-4579-A79C-4B3ABD33D523}.Debug|x86.ActiveCfg = Debug|Win32
		{98E74DD6-C0D0-4579-A79C-4B3ABD33D523}.Debug|x86.Build.0 = Debug|Win32
		{98E74DD6-C0D0-4579-A79C-4B3ABD33D523}.Release|x64.ActiveCfg = Release|x64
		{98E74DD6-C0D0-4579-A79C-4B3ABD33D523}.Release|x64.Build.0 = Release|x64
		{98E74DD6-C0D0-4579-A79C-4B3ABD33D523}.Release|x86.ActiveCfg = Release|Win32
		{98E74DD6-C0D0-4579-A79C-4B3ABD33D523}.Release|x86.Build.0 = Release|Win32
		{2ADDCDD5-47B3-4ED6-B003-9B2B0C870B7F}.Debug|x64.ActiveCfg = Debug|x64
		{2ADDCDD5-47B3-4ED6-B003-9B2B0C870B7F}.Debug|x64.Build.0 = Debug|x64
		{2ADDCDD5-47B3-4ED6-B003-9B2B0C870B7F}.Debug|x86.ActiveCfg = Debug|Win32
		{2ADDCDD5-47B3-4ED6-B003-9B2B0C870B7F}.Debug|x86.Build.0 = Debug|Win32
		{2ADDCDD5-47B3-4ED6-B003-9B2B0C870B7F}.Release|x64.ActiveCfg = Release|x64
		{2ADDCDD5-47B3-4ED6-B003-9B2B0C870B7F}.Release|x64.Build.0 = Release|x64
		{2ADDCDD5-47B3-4ED6-B003-9B2B0C870B7F}.Release|x86.ActiveCfg = Release|Win32
		{2ADDCDD5-47B3-4ED6-B003-9B2B0C870B7F}.Release|x86.Build.0 = Release|Win32
		{63C04F36-AB5C-41A5-BF57-EDD4BACD0D5C}.Debug|x64.ActiveCfg = Debug|x64
		{63C04F36-AB5C-41A5-BF57-EDD4BACD0D5C}.Debug|x64.Build.0 = Debug|x64
		{63C04F36-AB5C-41A5-BF57-EDD4BACD0D5C}.Debug|x86.ActiveCfg = Debug|Win32
		{63C04F36-AB5C-41A5-BF57-EDD4BACD0D5C}.Debug|x86.Build.0 = Debug|Win32
		{63C04F36-AB5C-41A5-BF57-EDD4BACD0D5C}.Release|x64.ActiveCfg = Release|x64
		{63C04F36-AB5C-41A5-BF57-EDD4BACD0D5C}.Release|x64.Build.0 = Release|x64
		{63C04F36-AB5C-41A5-BF57-EDD4BACD0D5C}.Release|x86.ActiveCfg = Release|Win32
		{63C04F36-AB5C-41A5-BF57-EDD4BACD0D5C}.Release|x86.Build.0 = Release|Win32
		{3DFA2C2D-76E5-4804-9F2C-BD5734B896A1}.Debug|x64.ActiveCfg = Debug|x64
		{3DFA2C2D-76E5-4804-9F2C-BD5734B896A1}.Debug|x64.Build.0 = Debug|x64
		{3DFA2C2D-76E5-4804-9F2C-BD5734B896A1}.Debug|x86.ActiveCfg = Debug|Win32
		{3DFA2C2D-76E5-4804-9F2C-BD5734B896A1}.Debug|x86.Build.0 = Debug|Win32
		{3DFA2C2D-76E5-4804-9F2C-BD5734B896A1}.Release|x64.ActiveCfg = Release|x64
		{3DFA2C2D-76E5-4804-9F2C-BD5734B896A1}.Release|x64.Build.0 = Release|x64
		{3DFA2C2D-76E5-4804-9F2C-BD5734B896A1}.Release|x86.ActiveCfg = Release|Win32
		{3DFA2C2D-76E5-4804-9F2C-BD5734B896A1}.Release|x86.Build.0 = Release|Win32
		{8C0CACEC-C38B-49D1-B05D-20689D521582}.Debug|x64.ActiveCfg = Debug|x64
		{8C0CACEC-C38B-49D1-B05D-20689D521582}.Debug|x64.Build.0 = Debug|x64
		{8C0CACEC-C38B-49D1-B05D-20689D521582}.Debug|x86.ActiveCfg = Debug|Win32
		{8C0CACEC-C38B-49D1-B05D-20689D521582}.Debug|x86.Build.0 = Debug|Win32
		{8C0CACEC-C38B-49D1-B05D-20689D521582}.Release|x64.ActiveCfg = Release|x64
		{8C0CACEC-C38B-49D1-B05D-20689D521582}.Release|x64.Build.0 = Release|x64
		{8C0CACEC-C38B-49D1-B05D-20689D521582}.Release|x86.ActiveCfg = Release|Win32
		{8C0CACEC-C38B-49D1-B05D-20689D521582}.Release|x86.Build.0 = Release|Win32
		{954380D7-E2DC-4271-8D6C-E14B2EA99629}.Debug|x64.ActiveCfg = Debug|x64
		{954380D7-E2DC-4271-8D6C-E14B2EA99629}.Debug|x64.Build.0 = Debug|x64
		{954380D7-E2DC-4271-8D6C-E14B2EA99629}.Debug|x86.ActiveCfg = Debug|Win32
		{954380D7-E2DC-4271-8D6C-E14B2EA99629}.Debug|x86.Build.0 = Debug|Win32
		{954380D7-E2DC-4271-8D6C-E14B2EA99629}.Release|x64.ActiveCfg = Release|x64
		{954380D7-E2DC-4271-8D6C-E14B2EA99629}.Release|x64.Build.0 = Release|x64
		{954380D7-E2DC-4271-8D6C-E14B2EA99629}.Release|x86.ActiveCfg = Release|Win32
		{954380D7-E2DC-4271-8D6C-E14B2EA99629}.Release|x86.Build.0 = Release|Win32
		{70B009FF-60CA-4895-9DCE-511C49403D03}.Debug|x64.ActiveCfg = Debug|x64
		{70B009FF-60CA-4895-9DCE-511C49403D03}.Debug|x64.Build.0 = Debug|x64
		{70B009FF-60CA-4895-9DCE-511C49403D03}.Debug|x86.ActiveCfg = Debug|Win32
		{70B009FF-60CA-4895-9DCE-511C49403D03}.Debug|x86.Build.0 = Debug|Win32
		{70B009FF-60CA-4895-9DCE-511C49403D03}.Release|x64.ActiveCfg = Release|x64
		{70B009FF-60CA-4895-9DCE-511C49403D03}.Release|x64.Build.0 = Release|x64
		{70B009FF-60CA-4895-9DCE-511C49403D03}.Release|x86.ActiveCfg = Release|Win32
		{70B009FF-60CA-4895-9DCE-511C49403D03}.Release|x86.Build.0 = Release|Win32
		{A5687138-00F8-405D-AB48-50EF15C3CB68}.Debug|x64.ActiveCfg = Debug|x64
		{A5687138-00F8-405D-AB48-50EF15C3CB68}.Debug|x64.Build.0 = Debug|x64
		{A5687138-00F8-405D-AB48-50EF15C3CB68}.Debug|x86.ActiveCfg = Debug|Win32
		{A5687138-00F8-405D-AB48-50EF15C3CB68}.Debug|x86.Build.0 = Debug|Win32
		{A5687138-00F8-405D-AB48-50EF15C3CB68}.Release|x64.ActiveCfg = Release|x64
		{A5687138-00F8-405D-AB48-50EF15C3CB68}.Release|x64.Build.0 = Release|x64
		{A5687138-00F8-405D-AB48-50EF15C3CB68}.Release|x86.ActiveCfg = Release|Win32
		{A5687138-00F8-405D-AB48-50EF15C3CB68}.Release|x86.Build.0 = Release|Win32
		{9AFC7627-7D14-420E-B944-8D46FE13B027}.Debug|x64.ActiveCfg = Debug|x64
		{9AFC7627-7D14-420E-B944-8D46FE13B027}.Debug|x64.Build.0 = Debug|x64
		{9AFC7627-7D14-420E-B944-8D46FE13B027}.Debug|x86.ActiveCfg = Debug|Win32
		{9AFC7627-7D14-420E-B944-8D46FE13B027}.Debug|x86.Build.0 = Debug|Win32
		{9AFC7627-7D14-420E-B944-8D46FE13B027}.Release|x64.ActiveCfg = Release|x64
		{9AFC7627-7D14-420E-B944-8D46FE13B027}.Release|x64.Build.0 = Release|x64
		{9AFC7627-7D14-420E-B944-8D46FE13B027}.Release|x86.ActiveCfg = Release|Win32
		{9AFC7627-7D14-420E-B944-8D46FE13B027}.Release|x86.Build.0 = Release|Win32
		{AEB64740-B249-4AB6-8D36-86FF191F6978}.Debug|x64.ActiveCfg = Debug|x64
		{AEB64740-B249-4AB6-8D36-86FF191F6978}.Debug|x64.Build.0 = Debug|x64
		{AEB64740-B249-4AB6-8D36-86FF191F6978}.Debug|x86.ActiveCfg = Debug|Win32
		{AEB64740-B249-4AB6-8D36-86FF191F6978}.Debug|x86.Build.0 = Debug|Win32
		{AEB64740-B249-4AB6-8D36-86FF191F6978}.Release|x64.ActiveCfg = Release|x64
		{AEB64740-B249-4AB6-8D36-86FF191F6978}.Release|x64.Build.0 = Release|x64
		{AEB64740-B249-4AB6-8D36-86FF191F6978}.Release|x86.ActiveCfg = Release|Win32
		{AEB64740-B249-4AB6-8D36-86FF191F6978}.Release|x86.Build.0 = Release|Win32
		{861B9282-88D0-402B-9A8E-7587F85C5A0E}.Debug|x64.ActiveCfg = Debug|x64
		{861B9282-88D0-402B-9A8E-7587F85C5A0E}.Debug|x64.Build.0 = Debug|x64
		{861B9282-88D0-402B-9A8E-7587F85C5A0E}.Debug|x86.ActiveCfg = Debug|Win32
		{861B9282-88D0-402B-9A8E-7587F85C5A0E}.Debug|x86.Build.0 = Debug|Win32
		{861B9282-88D0-402B-9A8E-7587F85C5A0E}.Release|x64.ActiveCfg = Release|x64
		{861B9282-88D0-402B-9A8E-7587F85C5A0E}.Release|x64.Build.0 = Release|x64
		{861B9282-88D0-402B-9A8E-7587F85C5A0E}.Release|x86.ActiveCfg = Release|Win32
		{861B9282-88D0-402B-9A8E-7587F85C5A0E}.Release|x86.Build.0 = Release|Win32
		{B9C34AF0-D771-4588-9747-01A204FC3BC8}.Debug|x64.ActiveCfg = Debug|x64
		{B9C34AF0-D771-4588-9747-01A204FC3BC8}.Debug|x64.Build.0 = Debug|x64
		{B9C34AF0-D771-4588-9747-01A204FC3BC8}.Debug|x86.ActiveCfg = Debug|Win32
		{B9C34AF0-D771-4588-9747-01A204FC3BC8}.Debug|x86.Build.0 = Debug|Win32
		{B9C34AF0-D771-4588-9747-01A204FC3BC8}.Release|x64.ActiveCfg = Release|x64
		{B9C34AF0-D771-4588-9747-01A204FC3BC8}.Release|x64.Build.0 = Release|x64
		{B9C34AF0-D771-4588-9747-01A204FC3BC8}.Release|x86.ActiveCfg = Release|Win32
		{B9C34AF0-D771-4588-9747-01A204FC3BC8}.Release|x86.Build.0 = Release|Win32
		{58E98E98-93BD-4206-89AF-4C0ECC48A649}.Debug|x64.ActiveCfg = Debug|x64
		{58E98E98-93BD-4206-89AF-4C0ECC48A649}.Debug|x64.Build.0 = Debug|x64
		{58E98E98-93BD-4206-89AF-4C0ECC48A649}.Debug|x86.ActiveCfg = Debug|Win32
		{58E98E98-93BD-4206-89AF-4C0ECC48A649}.Debug|x86.Build.0 = Debug|Win32
		{58E98E98-93BD-4206-89AF-4C0ECC48A649}.Release|x64.ActiveCfg = Release|x64
		{58E98E98-93BD-4206-89AF-4C0ECC48A649}.Release|x64.Build.0 = Release|x64
		{58E98E98-93BD-4206-89AF-4C0ECC48A649}.Release|x86.ActiveCfg = Release|Win32
		{58E98E98-93BD-4206-89AF-4C0ECC48A649}.Release|x86.Build.0 = Release|Win32
		{6F9B197C-4B6C-43D8-A2C3-FDDB112DAB3E}.Debug|x64.ActiveCfg = Debug|x64
		{6F9B197C-4B6C-43D8-A2C3-FDDB112DAB3E}.Debug|x64.Build.0 = Debug|x64
		{6F9B197C-4B6C-43D8-A2C3-FDDB112DAB3E}.Debug|x86.ActiveCfg = Debug|Win32
		{6F9B197C-4B6C-43D8-A2C3-FDDB112DAB3E}.Debug|x86.Build.0 = Debug|Win32
		{6F9B197C-4B6C-43D8-A2C3-FDDB112DAB3E}.Release|x64.ActiveCfg = Release|x64
		{6F9B197C-4B6C-43D8-A2C3-FDDB112DAB3E}.Release|x64.Build.0 = Release|x64
		{6F9B197C-4B6C-43D8-A2C3-FDDB112DAB3E}.Release|x86.ActiveCfg = Release|Win32
		{6F9B197C-4B6C-43D8-A2C3-FDDB112DAB3E}.Release|x86.Build.0 = Release|Win32
		{9792213B-3DAE-4DFA-B271-AC63845D640A}.Debug|x64.ActiveCfg = Debug|x64
		{9792213B-3DAE-4DFA-B271-AC63845D640A}.Debug|x64.Build.0 = Debug|x64
		{9792213B-3DAE-4DFA-B271-AC63845D640A}.Debug|x86.ActiveCfg = Debug|Win32
		{9792213B-3DAE-4DFA-B271-AC63845D640A}.Debug|x86.Build.0 = Debug|Win32
		{9792213B-3DAE-4DFA-B271-AC63845D640A}.Release|x64.ActiveCfg = Release|x64
		{9792213B-3DAE-4DFA-B271-AC63845D640A}.Release|x64.Build.0 = Release|x64
		{9792213B-3DAE-4DFA-B271-AC63845D640A}.Release|x86.ActiveCfg = Release|Win32
		{9792213B-3DAE-4DFA-B271-AC63845D640A}.Release|x86.Build.0 = Release|Win32
		{564E2BFE-E2FF-4307-BC81-98AABD27DBA8}.Debug|x64.ActiveCfg = Debug|x64
		{564E2BFE-E2FF-4307-BC81-98AABD27DBA8}.Debug|x64.Build.0 = Debug|x64
		{564E2BFE-E2FF-4307-BC81-98AABD27DBA8}.Debug|x86.ActiveCfg = Debug|Win32
		{564E2BFE-E2FF-4307-BC81-98AABD27DBA8}.Debug|x86.Build.0 = Debug|Win32
		{564E2BFE-E2FF-4307-BC81-98AABD27DBA8}.Release|x64.ActiveCfg = Release|x64
		{564E2BFE-E2FF-4307-BC81-98AABD27DBA8}.Release|x64.Build.0 = Release|x64
		{564E2BFE-E2FF-4307-BC81-98AABD27DBA8}.Release|x86.ActiveCfg = Release|Win32
		{564E2BFE-E2FF-4307-BC81-98AABD27DBA8}.Release|x86.Build.0 = Release|Win32
		{EC059F76-5CB9-4142-838B-F2D16676E93C}.Debug|x64.ActiveCfg = Debug|x64
		{EC059F76-5CB9-4142-838B-F2D16676E93C}.Debug|x64.Build.0 = Debug|x64
		{EC059F76-5CB9-4142-838B-F2D16676E93C}.Debug|x86.ActiveCfg = Debug|Win32
		{EC059F76-5CB9-4142-838B-F2D16676E93C}.Debug|x86.Build.0 = Debug|Win32
		{EC059F76-5CB9-4142-838B-F2D16676E93C}.Release|x64.ActiveCfg = Release|x64
		{EC059F76-5CB9-4142-838B-F2D16676E93C}.Release|x64.Build.0 = Release|x64
		{EC059F76-5CB9-4142-838B-F2D16676E93C}.Release|x86.ActiveCfg = Release|Win32
		{EC059F76-5CB9-4142-838B-F2D16676E93C}.Release|x86.Build.0 = Release|Win32
		{D1290E6D-E048-481A-9333-C0CDFE203BFC}.Debug|x64.ActiveCfg = Debug|x64
		{D1290E6D-E048-481A-9333-C0CDFE203BFC}.Debug|x64.Build.0 = Debug|x64
		{D1290E6D-E048-481A-9333-C0CDFE203BFC}.Debug|x86.ActiveCfg = Debug|Win32
		{D1290E6D-E048-481A-9333-C0CDFE203BFC}.Debug|x86.Build.0 = Debug|Win32
		{D1290E6D-E048-481A-9333-C0CDFE203BFC}.Release|x64.ActiveCfg = Release|x64
		{D1290E6D-E048-481A-9333-C0CDFE203BFC}.Release|x64.Build.0 = Release|x64
		{D1290E6D-E048-481A-9333-C0CDFE203BFC}.Release|x86.ActiveCfg = Release|Win32
		{D1290E6D-E048-481A-9333-C0CDFE203BFC}.Release|x86.Build.0 = Release|Win32
		{51FD1500-8EAD-416A-B5A2-69F0C7724C6C}.Debug|x64.ActiveCfg = Debug|x64
		{51FD1500-8EAD-416A-B5A2-69F0C7724C6C}.Debug|x64.Build.0 = Debug|x64
		{51FD1500-8EAD-416A-B5A2-69F0C7724C6C}.Debug|x86.ActiveCfg = Debug|Win32
		{51FD1500-8EAD-416A-B5A2-69F0C7724C6C}.Debug|x86.Build.0 = Debug|Win32
		{51FD1500-8EAD-416A-B5A2-69F0C7724C6C}.Release|x64.ActiveCfg = Release|x64
		{51FD1500-8EAD-416A-B5A2-69F0C7724C6C}.Release|x64.Build.0 = Release|x64
		{51FD1500-8EAD-416A-B5A2-69F0C7724C6C}.Release|x86.ActiveCfg = Release|Win32
		{51FD1500-8EAD-416A-B5A2-69F0C7724C6C}.Release|x86.Build.0 = Release|Win32
		{7CFDE345-DFB2-4117-BF22-21918F3B743F}.Debug|x64.ActiveCfg = Debug|x64
		{7CFDE345-DFB2-4117-BF22-21918F3B743F}.Debug|x64.Build.0 = Debug|x64
		{7CFDE345-DFB2-4117-BF22-21918F3B743F}.Debug|x86.ActiveCfg = Debug|Win32
		{7CFDE345-DFB2-4117-BF22-21918F3B743F}.Debug|x86.Build.0 = Debug|Win32
		{7CFDE345-DFB2-4117-BF22-21918F3B743F}.Release|x64.ActiveCfg = Release|x64
		{7CFDE345-DFB2-4117-BF22-21918F3B743F}.Release|x64.Build.0 = Release|x64
		{7CFDE345-DFB2-4117-BF22-21918F3B743F}.Release|x86.ActiveCfg = Release|Win32
		{7CFDE345-DFB2-4117-BF22-21918F3B743F}.Release|x86.Build.0 = Release|Win32
		{5E4A743A-8326-4C86-BCBC-899594A15C34}.Debug|x64.ActiveCfg = Debug|x64
		{5E4A743A-8326-4C86-BCBC-899594A15C34}.Debug|x64.Build.0 = Debug|x64
		{5E4A743A-8326-4C86-BCBC-899594A15C34}.Debug|x86.ActiveCfg = Debug|Win32
		{5E4A743A-8326-4C86-BCBC-899594A15C34}.Debug|x86.Build.0 = Debug|Win32
		{5E4A743A-8326-4C86-BCBC-899594A15C34}.Release|x64.ActiveCfg = Release|x64
		{5E4A743A-8326-4C86-BCBC-899594A15C34}.Release|x64.Build.0 = Release|x64
		{5E4A743A-8326-4C86-BCBC-899594A15C34}.Release|x86.ActiveCfg = Release|Win32
		{5E4A743A-8326-4C86-BCBC-899594A15C34}.Release|x86.Build.0 = Release|Win32
		{1441991F-1E10-49D7-888D-FE780FE000DC}.Debug|x64.ActiveCfg = Debug|x64
		{1441991F-1E10-49D7-888D-FE780FE000DC}.Debug|x64.Build.0 = Debug|x64
		{1441991F-1E10-49D7-888D-FE780FE000DC}.Debug|x86.ActiveCfg = Debug|Win32
		{1441991F-1E10-49D7-888D-FE780FE000DC}.Debug|x86.Build.0 = Debug|Win32
		{1441991F-1E10-49D7-888D-FE780FE000DC}.Release|x64.ActiveCfg = Release|x64
		{1441991F-1E10-49D7-888D-FE780FE000DC}.Release|x64.Build.0 = Release|x64
		{1441991F-1E10-49D7-888D-FE780FE000DC}.Release|x86.ActiveCfg = Release|Win32
		{1441991F-1E10-49D7-888D-FE780FE000DC}.Release|x86.Build.0 = Release|Win32
		{B7ADB127-6865-4972-B284-E03AEC1107FE}.Debug|x64.ActiveCfg = Debug|x64
		{B7ADB127-6865-4972-B284-E03AEC1107FE}.Debug|x64.Build.0 = Debug|x64
		{B7ADB127-6865-4972-B284-E03AEC1107FE}.Debug|x86.ActiveCfg = Debug|Win32
		{B7ADB127-6865-4972-B284-E03AEC1107FE}.Debug|x86.Build.0 = Debug|Win32
		{B7ADB127-6865-4972-B284-E03AEC1107FE}.Release|x64.ActiveCfg = Release|x64
		{B7ADB127-6865-4972-B284-E03AEC1107FE}.Release|x64.Build.0 = Release|x64
		{B7ADB127-6865-4972-B284-E03AEC1107FE}.Release|x86.ActiveCfg = Release|Win32
		{B7ADB127-6865-4972-B284-E03AEC1107FE}.Release|x86.Build.0 = Release|Win32
		{17D13005-8FAC-4D9E-8303-603D8A511C94}.Debug|x64.ActiveCfg = Debug|x64
		{17D13005-8FAC-4D9E-8303-603D8A511C94}.Debug|x64.Build.0 = Debug|x64
		{17D13005-8FAC-4D9E-8303-603D8A511C94}.Debug|x86.ActiveCfg = Debug|Win32
		{17D13005-8FAC-4D9E-8303-603D8A511C94}.Debug|x86.Build.0 = Debug|Win32
		{17D13005-8FAC-4D9E-8303-603D8A511C94}.Release|x64.ActiveCfg = Release|x64
		{17D13005-8FAC-4D9E-8303-603D8A511C94}.Release|x64.Build.0 = Release|x64
		{17D13005-8FAC-4D9E-8303-603D8A511C94}.Release|x86.ActiveCfg = Release|Win32
		{17D13005-8FAC-4D9E-8303-603D8A511C94}.Release|x86.Build.0 = Release|Win32
		{F21B1470-D240-406A-90F9-F26C521FF4A7}.Debug|x64.ActiveCfg = Debug|x64
		{F21B1470-D240-406A-90F9-F26C521FF4A7}.Debug|x64.Build.0 = Debug|x64
		{F21B1470-D240-406A-90F9-F26C521FF4A7}.Debug|x86.ActiveCfg = Debug|Win32
		{F21B1470-D240-406A-90F9-F26C521FF4A7}.Debug|x86.Build.0 = Debug|Win32
		{F21B1470-D240-406A-90F9-F26C521FF4A7}.Release|x64.ActiveCfg = Release|x64
		{F21B1470-D240-406A-90F9-F26C521FF4A7}.Release|x64.Build.0 = Release|x64
		{F21B1470-D240-406A-90F9-F26C521FF4A7}.Release|x86.ActiveCfg = Release|Win32
		{F21B1470-D240-406A-90F9-F26C521FF4A7}.Release|x86.Build.0 = Release|Win32
		{B8CF69A6-71FF-4AFD-9712-A02F826E8406}.Debug|x64.ActiveCfg = Debug|x64
		{B8CF69A6-71FF-4AFD-9712-A02F826E8406}.Debug|x64.Build.0 = Debug|x64
		{B8CF69A6-71FF-4AFD-9712-A02F826E8406}.Debug|x86.ActiveCfg = Debug|Win32
		{B8CF69A6-71FF-4AFD-9712-A02F826E8406}.Debug|x86.Build.0 = Debug|Win32
		{B8CF69A6-71FF-4AFD-9712-A02F826E8406}.Release|x64.ActiveCfg = Release|x64
		{B8CF69A6-71FF-4AFD-9712-A02F826E8406}.Release|x64.Build.0 = Release|x64
		{B8CF69A6-71FF-4AFD-9712-A02F826E8406}.Release|x86.ActiveCfg = Release|Win32
		{B8CF69A6-71FF-4AFD-9712-A02F826E8406}.Release|x86.Build.0 = Release|Win32
		{D4B52036-9215-4990-A029-7B048FC5CBAF}.Debug|x64.ActiveCfg = Debug|x64
		{D4B52036-9215-4990-A029-7B048FC5CBAF}.Debug|x64.Build.0 = Debug|x64
		{D4B52036-9215-4990-A029-7B048FC5CBAF}.Debug|x86.ActiveCfg = Debug|Win32
		{D4B52036-9215-4990-A029-7B048FC5CBAF}.Debug|x86.Build.0 = Debug|Win32
		{D4B52036-9215-4990-A029-7B048FC5CBAF}.Release|x64.ActiveCfg = Release|x64
		{D4B52036-9215-4990-A029-7B048FC5CBAF}.Release|x64.Build.0 = Release|x64
		{D4B52036-9215-4990-A029-7B048FC5CBAF}.Release|x86.ActiveCfg = Release|Win32
		{D4B52036-9215-4990-A029-7B048FC5CBAF}.Release|x86.Build.0 = Release|Win32
		{E6A93172-71AC-4B70-AEBD-BC22A4574FA7}.Debug|x64.ActiveCfg = Debug|x64
		{E6A93172-71AC-4B70-AEBD-BC22A4574FA7}.Debug|x64.Build.0 = Debug|x64
		{E6A93172-71AC-4B70-AEBD-BC22A4574FA7}.Debug|x86.ActiveCfg = Debug|Win32
		{E6A93172-71AC-4B70-AEBD-BC22A4574FA7}.Debug|x86.Build.0 = Debug|Win32
		{E6A93172-71AC-4B70-AEBD-BC22A4574FA7}.Release|x64.ActiveCfg = Release|x64
		{E6A93172-71AC-4B70-AEBD-BC22A4574FA7}.Release|x64.Build.0 = Release|x64
		{E6A93172-71AC-4B70-AEBD-BC22A4574FA7}.Release|x86.ActiveCfg = Release|Win32
		{E6A93172-71AC-4B70-AEBD-BC22A4574FA7}.Release|x86.Build.0 = Release|Win32
		{BA049039-6BCD-4E9E-9BD5-783BB2D46B1B}.Debug|x64.ActiveCfg = Debug|x64
		{BA049039-6BCD-4E9E-9BD5-783BB2D46B1B}.Debug|x64.Build.0 = Debug|x64
		{BA049039-6BCD-4E9E-9BD5-783BB2D46B1B}.Debug|x86.ActiveCfg = Debug|Win32
		{BA049039-6BCD-4E9E-9BD5-783BB2D46B1B}.Debug|x86.Build.0 = Debug|Win32
		{BA049039-6BCD-4E9E-9BD5-783BB2D46B1B}.Release|x64.ActiveCfg = Release|x64
		{BA049039-6BCD-4E9E-9BD5-783BB2D46B1B}.Release|x64.Build.0 = Release|x64
		{BA049039-6BCD-4E9E-9BD5-783BB2D46B1B}.Release|x86.ActiveCfg = Release|Win32
		{BA049039-6BCD-4E9E-9BD5-783BB2D46B1B}.Release|x86.Build.0 = Release|Win32
		{C48B0D0F-30BA-4DE7-B5A7-ABEF64C02E1C}.Debug|x64.ActiveCfg = Debug|x64
		{C48B0D0F-30BA-4DE7-B5A7-ABEF64C02E1C}.Debug|x64.Build.0 = Debug|x64
		{C48B0D0F-30BA-4DE7-B5A7-ABEF64C02E1C}.Debug|x86.ActiveCfg = Debug|Win32
		{C48B0D0F-30BA-4DE7-B5A7-ABEF64C02E1C}.Debug|x86.Build.0 = Debug|Win32
		{C48B0D0F-30BA-4DE7-B5A7-ABEF64C02E1C}.Release|x64.ActiveCfg = Release|x64
		{C48B0D0F-30BA-4DE7-B5A7-ABEF64C02E1C}.Release|x64.Build.0 = Release|x64
		{C48B0D0F-30BA-4DE7-B5A7-ABEF64C02E1C}.Release|x86.ActiveCfg = Release|Win32
		{C48B0D0F-30BA-4DE7-B5A7-ABEF64C02E1C}.Release|x86.Build.0 = Release|Win32
		{9640F2AB-FCDD-4FE4-9126-849450A17668}.Debug|x64.ActiveCfg = Debug|x64
		{9640F2AB-FCDD-4FE4-9126-849450A17668}.Debug|x64.Build.0 = Debug|x64
		{9640F2AB-FCDD-4FE4-9126-849450A17668}.Debug|x86.ActiveCfg = Debug|Win32
		{9640F2AB-FCDD-4FE4-9126-849450A17668}.Debug|x86.Build.0 = Debug|Win32
		{9640F2AB-FCDD-4FE4-9126-849450A17668}.Release|x64.ActiveCfg = Release|x64
		{9640F2AB-FCDD-4FE4-9126-849450A17668}.Release|x64.Build.0 = Release|x64
		{9640F2AB-FCDD-4FE4-9126-849450A17668}.Release|x86.ActiveCfg = Release|Win32
		{9640F2AB-FCDD-4FE4-9126-849450A17668}.Release|x86.Build.0 = Release|Win32
		{06D8C686-A3F7-4446-A544-00C68EEB006D}.Debug|x64.ActiveCfg = Debug|x64
		{06D8C686-A3F7-4446-A544-00C68EEB006D}.Debug|x64.Build.0 = Debug|x64
		{06D8C686-A3F7-4446-A544-00C68EEB006D}.Debug|x86.ActiveCfg = Debug|Win32
		{06D8C686-A3F7-4446-A544-00C68EEB006D}.Debug|x86.Build.0 = Debug|Win32
		{06D8C686-A3F7-4446-A544-00C68EEB006D}.Release|x64.ActiveCfg = Release|x64
		{06D8C686-A3F7-4446-A544-00C68EEB006D}.Release|x64.Build.0 = Release|x64
		{06D8C686-A3F7-4446-A544-00C68EEB006D}.Release|x86.ActiveCfg = Release|Win32
		{06D8C686-A3F7-4446-A544-00C68EEB006D}.Release|x86.Build.0 = Release|Win32
		{AA4AB3DC-DBD6-4A7B-949D-1E3753985660}.Debug|x64.ActiveCfg = Debug|x64
		{AA4AB3DC-DBD6-4A7B-949D-1E3753985660}.Debug|x64.Build.0 = Debug|x64
		{AA4AB3DC-DBD6-4A7B-949D-1E3753985660}.Debug|x86.ActiveCfg = Debug|Win32
		{AA4AB3DC-DBD6-4A7B-949D-1E3753985660}.Debug|x86.Build.0 = Debug|Win32
		{AA4AB3DC-DBD6-4A7B-949D-1E3753985660}.Release|x64.ActiveCfg = Release|x64
		{AA4AB3DC-DBD6-4A7B-949D-1E3753985660}.Release|x64.Build.0 = Release|x64
		{AA4AB3DC-DBD6-4A7B-949D-1E3753985660}.Release|x86.ActiveCfg = Release|Win32
		{AA4AB3DC-DBD6-4A7B-949D-1E3753985660}.Release|x86.Build.0 = Release|Win32
		{84208ABF-9A2B-495E-B290-22556F9B79CF}.Debug|x64.ActiveCfg = Debug|x64
		{84208ABF-9A2B-495E-B290-22556F9B79CF}.Debug|x64.Build.0 = Debug|x64
		{84208ABF-9A2B-495E-B290-22556F9B79CF}.Debug|x86.ActiveCfg = Debug|Win32
		{84208ABF-9A2B-495E-B290-22556F9B79CF}.Debug|x86.Build.0 = Debug|Win32
		{84208ABF-9A2B-495E-B290-22556F9B79CF}.Release|x64.ActiveCfg = Release|x64
		{84208ABF-9A2B-495E-B290-22556F9B79CF}.Release|x64.Build.0 = Release|x64
		{84208ABF-9A2B-495E-B290-22556F9B79CF}.Release|x86.ActiveCfg = Release|Win32
		{84208ABF-9A2B-495E-B290-22556F9B79CF}.Release|x86.Build.0 = Release|Win32
		{28544415-D152-448C-96E3-CF43CC35E8E9}.Debug|x64.ActiveCfg = Debug|x64
		{28544415-D152-448C-96E3-CF43CC35E8E9}.Debug|x64.Build.0 = Debug|x64
		{28544415-D152-448C-96E3-CF43CC35E8E9}.Debug|x86.ActiveCfg = Debug|Win32
		{28544415-D152-448C-96E3-CF43CC35E8E9}.Debug|x86.Build.0 = Debug|Win32
		{28544415-D152-448C-96E3-CF43CC35E8E9}.Release|x64.ActiveCfg = Release|x64
		{28544415-D152-448C-96E3-CF43CC35E8E9}.Release|x64.Build.0 = Release|x64
		{28544415-D152-448C-96E3-CF43CC35E8E9}.Release|x86.ActiveCfg = Release|Win32
		{28544415-D152-448C-96E3-CF43CC35E8E9}.Release|x86.Build.0 = Release|Win32
		{F9100C31-D34C-4DA6-91ED-41A8D093BB3D}.Debug|x64.ActiveCfg = Debug|x64
		{F9100C31-D34C-4DA6-91ED-41A8D093BB3D}.Debug|x64.Build.0 = Debug|x64
		{F9100C31-D34C-4DA6-91ED-41A8D093BB3D}.Debug|x86.ActiveCfg = Debug|Win32
		{F9100C31-D34C-4DA6-91ED-41A8D093BB3D}.Debug|x86.Build.0 = Debug|Win32
		{F9100C31-D34C-4DA6-91ED-41A8D093BB3D}.Release|x64.ActiveCfg = Release|x64
		{F9100C31-D34C-4DA6-91ED-41A8D093BB3D}.Release|x64.Build.0 = Release|x64
		{F9100C31-D34C-4DA6-91ED-41A8D093BB3D}.Release|x86.ActiveCfg = Release|Win32
		{F9100C31-D34C-4DA6-91ED-41A8D093BB3D}.Release|x86.Build.0 = Release|Win32
		{30DF8636-2741-462E-B00B-BB0C76F245A7}.Debug|x64.ActiveCfg = Debug|x64
		{30DF8636-2741-462E-B00B-BB0C76F245A7}.Debug|x64.Build.0 = Debug|x64
		{30DF8636-2741-462E-B00B-BB0C76F245A7}.Debug|x86.ActiveCfg = Debug|Win32
		{30DF8636-2741-462E-B00B-BB0C76F245A7}.Debug|x86.Build.0 = Debug|Win32
		{30DF8636-2741-462E-B00B-BB0C76F245A7}.Release|x64.ActiveCfg = Release|x64
		{30DF8636-2741-462E-B00B-BB0C76F245A7}.Release|x64.Build.0 = Release|x64
		{30DF8636-2741-462E-B00B-BB0C76F245A7}.Release|x86.ActiveCfg = Release|Win32
		{30DF8636-2741-462E-B00B-BB0C76F245A7}.Release|x86.Build.0 = Release|Win32
		{5309AED2-DB93-4E0A-9A1F-221D0FD9F678}.Debug|x64.ActiveCfg = Debug|x64
		{5309AED2-DB93-4E0A-9A1F-221D0FD9F678}.Debug|x64.Build.0 = Debug|x64
		{5309AED2-DB93-4E0A-9A1F-221D0FD9F678}.Debug|x86.ActiveCfg = Debug|Win32
		{5309AED2-DB93-4E0A-9A1F-221D0FD9F678}.Debug|x86.Build.0 = Debug|Win32
		{5309AED2-DB93-4E0A-9A1F-221D0FD9F678}.Release|x64.ActiveCfg = Release|x64
		{5309AED2-DB93-4E0A-9A1F-221D0FD9F678}.Release|x64.Build.0 = Release|x64
		{5309AED2-DB93-4E0A-9A1F-221D0FD9F678}.Release|x86.ActiveCfg = Release|Win32
		{5309AED2-DB93-4E0A-9A1F-221D0FD9F678}.Release|x86.Build.0 = Release|Win32
		{8B8FB886-59BE-4022-94DD-5FE91B3A7186}.Debug|x64.ActiveCfg = Debug|x64
		{8B8FB886-59BE-4022-94DD-5FE91B3A7186}.Debug|x64.Build.0 = Debug|x64
		{8B8FB886-59BE-4022-94DD-5FE91B3A7186}.Debug|x86.ActiveCfg = Debug|Win32
		{8B8FB886-59BE-4022-94DD-5FE91B3A7186}.Debug|x86.Build.0 = Debug|Win32
		{8B8FB886-59BE-4022-94DD-5FE91B3A7186}.Release|x64.ActiveCfg = Release|x64
		{8B8FB886-59BE-4022-94DD-5FE91B3A7186}.Release|x64.Build.0 = Release|x64
		{8B8FB886-59BE-4022-94DD-5FE91B3A7186}.Release|x86.ActiveCfg = Release|Win32
		{8B8FB886-59BE-4022-94DD-5FE91B3A7186}.Release|x86.Build.0 = Release|Win32
		{CD7453F5-5CF4-4FC5-AB79-E1CC5E6615BE}.Debug|x64.ActiveCfg = Debug|x64
		{CD7453F5-5CF4-4FC5-AB79-E1CC5E6615BE}.Debug|x64.Build.0 = Debug|x64
		{CD7453F5-5CF4-4FC5-AB79-E1CC5E6615BE}.Debug|x86.ActiveCfg = Debug|Win32
		{CD7453F5-5CF4-4FC5-AB79-E1CC5E6615BE}.Debug|x86.Build.0 = Debug|Win32
		{CD7453F5-5CF4-4FC5-AB79-E1CC5E6615BE}.Release|x64.ActiveCfg = Release|x64
		{CD7453F5-5CF4-4FC5-AB79-E1CC5E6615BE}.Release|x64.Build.0 = Release|x64
		{CD7453F5-5CF4-4FC5-AB79-E1CC5E6615BE}.Release|x86.ActiveCfg = Release|Win32
		{CD7453F5-5CF4-4FC5-AB79-E1CC5E6615BE}.Release|x86.Build.0 = Release|Win32
		{5B320525-70A4-424C-BE83-36FD6767E75B}.Debug|x64.ActiveCfg = Debug|x64
		{5B320525-70A4-424C-BE83-36FD6767E75B}.Debug|x64.Build.0 = Debug|x64
		{5B320525-70A4-424C-BE83-36FD6767E75B}.Debug|x86.ActiveCfg = Debug|Win32
		{5B320525-70A4-424C-BE83-36FD6767E75B}.Debug|x86.Build.0 = Debug|Win32
		{5B320525-70A4-424C-BE83-36FD6767E75B}.Release|x64.ActiveCfg = Release|x64
		{5B320525-70A4-424C-BE83-36FD6767E75B}.Release|x64.Build.0 = Release|x64
		{5B320525-70A4-424C-BE83-36FD6767E75B}.Release|x86.ActiveCfg = Release|Win32
		{5B320525-70A4-424C-BE83-36FD6767E75B}.Release|x86.Build.0 = Release|Win32
		{28472B8D-B4AA-4A58-89D7-4C243EFF18EC}.Debug|x64.ActiveCfg = Debug|x64
		{28472B8D-B4AA-4A58-89D7-4C243EFF18EC}.Debug|x64.Build.0 = Debug|x64
		{28472B8D-B4AA-4A58-89D7-4C243EFF18EC}.Debug|x86.ActiveCfg = Debug|Win32
		{28472B8D-B4AA-4A58-89D7-4C243EFF18EC}.Debug|x86.Build.0 = Debug|Win32
		{28472B8D-B4AA-4A58-89D7-4C243EFF18EC}.Release|x64.ActiveCfg = Release|x64
		{28472B8D-B4AA-4A58-89D7-4C243EFF18EC}.Release|x64.Build.0 = Release|x64
		{28472B8D-B4AA-4A58-89D7-4C243EFF18EC}.Release|x86.ActiveCfg = Release|Win32
		{28472B8D-B4AA-4A58-89D7-4C243EFF18EC}.Release|x86.Build.0 = Release|Win32
		{4193F0C5-5300-4C32-8C71-B1680B3DA72F}.Debug|x64.ActiveCfg = Debug|x64
		{4193F0C5-5300-4C32-8C71-B1680B3DA72F}.Debug|x64.Build.0 = Debug|x64
		{4193F0C5-5300-4C32-8C71-B1680B3DA72F}.Debug|x86.ActiveCfg = Debug|Win32
		{4193F0C5-5300-4C32-8C71-B1680B3DA72F}.Debug|x86.Build.0 = Debug|Win32
		{4193F0C5-5300-4C32-8C71-B1680B3DA72F}.Release|x64.ActiveCfg = Release|x64
		{4193F0C5-5300-4C32-8C71-B1680B3DA72F}.Release|x64.Build.0 = Release|x64
		{4193F0C5-5300-4C32-8C71-B1680B3DA72F}.Release|x86.ActiveCfg = Release|Win32
		{4193F0C5-5300-4C32-8C71-B1680B3DA72F}.Release|x86.Build.0 = Release|Win32
		{46977AC3-57C0-4AD4-8070-EA74C5F13D6C}.Debug|x64.ActiveCfg = Debug|x64
		{46977AC3-57C0-4AD4-8070-EA74C5F13D6C}.Debug|x64.Build.0 = Debug|x64
		{46977AC3-57C0-4AD4-8070-EA74C5F13D6C}.Debug|x86.ActiveCfg = Debug|Win32
		{46977AC3-57C0-4AD4-8070-EA74C5F13D6C}.Debug|x86.Build.0 = Debug|Win32
		{46977AC3-57C0-4AD4-8070-EA74C5F13D6C}.Release|x64.ActiveCfg = Release|x64
		{46977AC3-57C0-4AD4-8070-EA74C5F13D6C}.Release|x64.Build.0 = Release|x64
		{46977AC3-57C0-4AD4-8070-EA74C5F13D6C}.Release|x86.ActiveCfg = Release|Win32
		{46977AC3-57C0-4AD4-8070-EA74C5F13D6C}.Release|x86.Build.0 = Release|Win32
		{77F129CC-BADB-45C4-9AF0-F38756B5B285}.Debug|x64.ActiveCfg = Debug|x64
		{77F129CC-BADB-45C4-9AF0-F38756B5B285}.Debug|x64.Build.0 = Debug|x64
		{77F129CC-BADB-45C4-9AF0-F38756B5B285}.Debug|x86.ActiveCfg = Debug|Win32
		{77F129CC-BADB-45C4-9AF0-F38756B5B285}.Debug|x86.Build.0 = Debug|Win32
		{77F129CC-BADB-45C4-9AF0-F38756B5B285}.Release|x64.ActiveCfg = Release|x64
		{77F129CC-BADB-45C4-9AF0-F38756B5B285}.Release|x64.Build.0 = Release|x64
		{77F129CC-BADB-45C4-9AF0-F38756B5B285}.Release|x86.ActiveCfg = Release|Win32
		{77F129CC-BADB-45C4-9AF0-F38756B5B285}.Release|x86.Build.0 = Release|Win32
		{60A9C17F-1D35-4B04-8940-FB8D168162EF}.Debug|x64.ActiveCfg = Debug|x64
		{60A9C17F-1D35-4B04-8940-FB8D168162EF}.Debug|x64.Build.0 = Debug|x64
		{60A9C17F-1D35-4B04-8940-FB8D168162EF}.Debug|x86.ActiveCfg = Debug|Win32
		{60A9C17F-1D35-4B04-8940-FB8D168162EF}.Debug|x86.Build.0 = Debug|Win32
		{60A9C17F-1D35-4B04-8940-FB8D168162EF}.Release|x64.ActiveCfg = Release|x64
		{60A9C17F-1D35-4B04-8940-FB8D168162EF}.Release|x64.Build.0 = Release|x64
		{60A9C17F-1D35-4B04-8940-FB8D168162EF}.Release|x86.ActiveCfg = Release|Win32
		{60A9C17F-1D35-4B04-8940-FB8D168162EF}.Release|x86.Build.0 = Release|Win32
		{F6E10D2B-2805-42A3-BCE5-F21A18A0F0F3}.Debug|x64.ActiveCfg = Debug|x64
		{F6E10D2B-2805-42A3-BCE5-F21A18A0F0F3}.Debug|x64.Build.0 = Debug|x64
		{F6E10D2B-2805-42A3-BCE5-F21A18A0F0F3}.Debug|x86.ActiveCfg = Debug|Win32
		{F6E10D2B-2805-42A3-BCE5-F21A18A0F0F3}.Debug|x86.Build.0 = Debug|Win32
		{F6E10D2B-2805-42A3-BCE5-F21A18A0F0F3}.Release|x64.ActiveCfg = Release|x64
		{F6E10D2B-2805-42A3-BCE5-F21A18A0F0F3}.Release|x64.Build.0 = Release|x64
		{F6E10D2B-2805-42A3-BCE5-F21A18A0F0F3}.Release|x86.ActiveCfg = Release|Win32
		{F6E10D2B-2805-42A3-BCE5-F21A18A0F0F3}.Release|x86.Build.0 = Release|Win32
		{9B6EA9DD-BACE-44FF-BAAE-6F78E7697CE3}.Debug|x64.ActiveCfg = Debug|x64
		{9B6EA9DD-BACE-44FF-BAAE-6F78E7697CE3}.Debug|x64.Build.0 = Debug|x64
		{9B6EA9DD-BACE-44FF-BAAE-6F78E7697CE3}.Debug|x86.ActiveCfg = Debug|Win32
		{9B6EA9DD-BACE-44FF-BAAE-6F78E7697CE3}.Debug|x86.Build.0 = Debug|Win32
		{9B6EA9DD-BACE-44FF-BAAE-6F78E7697CE3}.Release|x64.ActiveCfg = Release|x64
		{9B6EA9DD-BACE-44FF-BAAE-6F78E7697CE3}.Release|x64.Build.0 = Release|x64
		{9B6EA9DD-BACE-44FF-BAAE-6F78E7697CE3}.Release|x86.ActiveCfg = Release|Win32
		{9B6EA9DD-BACE-44FF-BAAE-6F78E7697CE3}.Release|x86.Build.0 = Release|Win32
		{7BF401EB-C232-4B6E-826F-76EDDB430323}.Debug|x64.ActiveCfg = Debug|x64
		{7BF401EB-C232-4B6E-826F-76EDDB430323}.Debug|x64.Build.0 = Debug|x64
		{7BF401EB-C232-4B6E-826F-76EDDB430323}.Debug|x86.ActiveCfg = Debug|Win32
		{7BF401EB-C232-4B6E-826F-76EDDB430323}.Debug|x86.Build.0 = Debug|Win32
		{7BF401EB-C232-4B6E-826F-76EDDB430323}.Release|x64.ActiveCfg = Release|x64
		{7BF401EB-C232-4B6E-826F-76EDDB430323}.Release|x64.Build.0 = Release|x64
		{7BF401EB-C232-4B6E-826F-76EDDB430323}.Release|x86.ActiveCfg = Release|Win32
		{7BF401EB-C232-4B6E-826F-76EDDB430323}.Release|x86.Build.0 = Release|Win32
	EndGlobalSection
	GlobalSection(SolutionProperties) = preSolution
		HideSolutionNode = FALSE
	EndGlobalSection
	GlobalSection(NestedProjects) = preSolution
		{C7783132-CF30-4597-AAAF-E90D3E9EAA24} = {729BFAB9-C4BE-4699-A38D-9B3BADE59772}
		{7CD3C75E-EF17-46A0-BF9C-7D1418AD7998} = {729BFAB9-C4BE-4699-A38D-9B3BADE59772}
		{037D8137-D806-475B-B5DE-D5A85BA85BFF} = {729BFAB9-C4BE-4699-A38D-9B3BADE59772}
		{176E73EE-32C1-4699-9081-BB84B1CEC064} = {DFD09284-2A00-4CB2-B885-84F18045E26C}
		{D8F62C93-6466-4645-B32B-137A58B78B36} = {DFD09284-2A00-4CB2-B885-84F18045E26C}
		{AC18DC81-5F38-45B1-95BA-8CB98397BA73} = {DFD09284-2A00-4CB2-B885-84F18045E26C}
		{96FE07A4-1C04-47EE-AFFA-B68DFAD5FD9E} = {DFD09284-2A00-4CB2-B885-84F18045E26C}
		{13728D4D-8477-46D7-AC66-9659490EE1FB} = {DFD09284-2A00-4CB2-B885-84F18045E26C}
		{3C1EFD46-D885-40B9-BDA9-50A20223B465} = {DFD09284-2A00-4CB2-B885-84F18045E26C}
		{42513312-01BA-4B2D-B135-825363CBD387} = {DFD09284-2A00-4CB2-B885-84F18045E26C}
		{36D60A6B-723B-47FE-B317-3CF419DC88BE} = {C3A72BEC-0E43-4BDD-8798-D408FA5BD78D}
		{49263465-8B6E-418E-BB43-F5CF6D72E99B} = {C3A72BEC-0E43-4BDD-8798-D408FA5BD78D}
		{729171F5-BE5A-4105-A87B-A8EA554121EA} = {C3A72BEC-0E43-4BDD-8798-D408FA5BD78D}
		{D48F3280-B29A-4C9C-A6D5-E8962A6F77CE} = {93426681-8CA3-4F4C-BA18-A1501C504C73}
		{69818C49-2E76-47EC-9214-64058F37C96B} = {93426681-8CA3-4F4C-BA18-A1501C504C73}
		{C618507D-6C6D-434E-A7D8-3E0D5D2F13AF} = {93426681-8CA3-4F4C-BA18-A1501C504C73}
		{94CA0936-34B0-47C2-B931-63B15CDD1B6A} = {93426681-8CA3-4F4C-BA18-A1501C504C73}
		{D813A234-731D-4440-9567-7D84277D9714} = {93426681-8CA3-4F4C-BA18-A1501C504C73}
		{78C34299-2C2A-4F19-B773-23AACBF82876} = {93426681-8CA3-4F4C-BA18-A1501C504C73}
		{49A0CCF8-1742-4B64-A378-E464F0D8E748} = {B836C41B-573D-4547-A441-D9CA2659560D}
		{98E74DD6-C0D0-4579-A79C-4B3ABD33D523} = {B836C41B-573D-4547-A441-D9CA2659560D}
		{2ADDCDD5-47B3-4ED6-B003-9B2B0C870B7F} = {B836C41B-573D-4547-A441-D9CA2659560D}
		{63C04F36-AB5C-41A5-BF57-EDD4BACD0D5C} = {B836C41B-573D-4547-A441-D9CA2659560D}
		{3DFA2C2D-76E5-4804-9F2C-BD5734B896A1} = {5012B350-2FF3-4815-AC5C-7EA5789719FC}
		{8C0CACEC-C38B-49D1-B05D-20689D521582} = {5012B350-2FF3-4815-AC5C-7EA5789719FC}
		{954380D7-E2DC-4271-8D6C-E14B2EA99629} = {5012B350-2FF3-4815-AC5C-7EA5789719FC}
		{70B009FF-60CA-4895-9DCE-511C49403D03} = {5012B350-2FF3-4815-AC5C-7EA5789719FC}
		{A5687138-00F8-405D-AB48-50EF15C3CB68} = {5012B350-2FF3-4815-AC5C-7EA5789719FC}
		{9AFC7627-7D14-420E-B944-8D46FE13B027} = {A51FDA97-2E94-4006-9371-6B3B57CBD9F9}
		{AEB64740-B249-4AB6-8D36-86FF191F6978} = {A51FDA97-2E94-4006-9371-6B3B57CBD9F9}
		{861B9282-88D0-402B-9A8E-7587F85C5A0E} = {A51FDA97-2E94-4006-9371-6B3B57CBD9F9}
		{B9C34AF0-D771-4588-9747-01A204FC3BC8} = {A51FDA97-2E94-4006-9371-6B3B57CBD9F9}
		{58E98E98-93BD-4206-89AF-4C0ECC48A649} = {A51FDA97-2E94-4006-9371-6B3B57CBD9F9}
		{6F9B197C-4B6C-43D8-A2C3-FDDB112DAB3E} = {A51FDA97-2E94-4006-9371-6B3B57CBD9F9}
		{9792213B-3DAE-4DFA-B271-AC63845D640A} = {97987911-2010-4550-9D97-F188B99BF736}
		{564E2BFE-E2FF-4307-BC81-98AABD27DBA8} = {97987911-2010-4550-9D97-F188B99BF736}
		{EC059F76-5CB9-4142-838B-F2D16676E93C} = {97987911-2010-4550-9D97-F188B99BF736}
		{D1290E6D-E048-481A-9333-C0CDFE203BFC} = {97987911-2010-4550-9D97-F188B99BF736}
		{51FD1500-8EAD-416A-B5A2-69F0C7724C6C} = {97987911-2010-4550-9D97-F188B99BF736}
		{7CFDE345-DFB2-4117-BF22-21918F3B743F} = {97987911-2010-4550-9D97-F188B99BF736}
		{5E4A743A-8326-4C86-BCBC-899594A15C34} = {FA8C8B23-B902-493A-AC90-39D9EFFF5C63}
		{1441991F-1E10-49D7-888D-FE780FE000DC} = {97987911-2010-4550-9D97-F188B99BF736}
		{B7ADB127-6865-4972-B284-E03AEC1107FE} = {97987911-2010-4550-9D97-F188B99BF736}
		{17D13005-8FAC-4D9E-8303-603D8A511C94} = {5A6AEB9C-E4A2-4B99-9737-9C4048E53D55}
		{F21B1470-D240-406A-90F9-F26C521FF4A7} = {EEA46A14-1DB6-400A-9B56-A10DB5001556}
		{B8CF69A6-71FF-4AFD-9712-A02F826E8406} = {5A6AEB9C-E4A2-4B99-9737-9C4048E53D55}
		{D4B52036-9215-4990-A029-7B048FC5CBAF} = {5A6AEB9C-E4A2-4B99-9737-9C4048E53D55}
		{E6A93172-71AC-4B70-AEBD-BC22A4574FA7} = {CB31AB50-0235-48A7-888F-3A2472A26AF5}
		{BA049039-6BCD-4E9E-9BD5-783BB2D46B1B} = {CB31AB50-0235-48A7-888F-3A2472A26AF5}
		{C48B0D0F-30BA-4DE7-B5A7-ABEF64C02E1C} = {CB31AB50-0235-48A7-888F-3A2472A26AF5}
		{9640F2AB-FCDD-4FE4-9126-849450A17668} = {CB31AB50-0235-48A7-888F-3A2472A26AF5}
		{06D8C686-A3F7-4446-A544-00C68EEB006D} = {CB31AB50-0235-48A7-888F-3A2472A26AF5}
		{AA4AB3DC-DBD6-4A7B-949D-1E3753985660} = {97C3220A-1279-40B5-B47A-24AC4AEF4C66}
		{84208ABF-9A2B-495E-B290-22556F9B79CF} = {97C3220A-1279-40B5-B47A-24AC4AEF4C66}
		{28544415-D152-448C-96E3-CF43CC35E8E9} = {97C3220A-1279-40B5-B47A-24AC4AEF4C66}
		{F9100C31-D34C-4DA6-91ED-41A8D093BB3D} = {4B02589A-52C3-4264-BA32-DC8AC5E09C59}
		{30DF8636-2741-462E-B00B-BB0C76F245A7} = {5C5481AD-7DD6-4E69-B6BA-6E6EEF45CFCA}
		{5309AED2-DB93-4E0A-9A1F-221D0FD9F678} = {5C5481AD-7DD6-4E69-B6BA-6E6EEF45CFCA}
		{8B8FB886-59BE-4022-94DD-5FE91B3A7186} = {5C5481AD-7DD6-4E69-B6BA-6E6EEF45CFCA}
		{CD7453F5-5CF4-4FC5-AB79-E1CC5E6615BE} = {5C5481AD-7DD6-4E69-B6BA-6E6EEF45CFCA}
		{5B320525-70A4-424C-BE83-36FD6767E75B} = {2A6FF8FA-5AD9-48A7-B5D5-454ACE19B7EC}
		{28472B8D-B4AA-4A58-89D7-4C243EFF18EC} = {2A6FF8FA-5AD9-48A7-B5D5-454ACE19B7EC}
		{4193F0C5-5300-4C32-8C71-B1680B3DA72F} = {2A6FF8FA-5AD9-48A7-B5D5-454ACE19B7EC}
		{46977AC3-57C0-4AD4-8070-EA74C5F13D6C} = {2A6FF8FA-5AD9-48A7-B5D5-454ACE19B7EC}
		{77F129CC-BADB-45C4-9AF0-F38756B5B285} = {2A6FF8FA-5AD9-48A7-B5D5-454ACE19B7EC}
		{60A9C17F-1D35-4B04-8940-FB8D168162EF} = {2A6FF8FA-5AD9-48A7-B5D5-454ACE19B7EC}
		{F6E10D2B-2805-42A3-BCE5-F21A18A0F0F3} = {2A6FF8FA-5AD9-48A7-B5D5-454ACE19B7EC}
		{9B6EA9DD-BACE-44FF-BAAE-6F78E7697CE3} = {2A6FF8FA-5AD9-48A7-B5D5-454ACE19B7EC}
		{7BF401EB-C232-4B6E-826F-76EDDB430323} = {76013544-57D2-4305-949F-808AF548D769}
	EndGlobalSection
	GlobalSection(ExtensibilityGlobals) = postSolution
		SolutionGuid = {8B1D3AED-8311-4271-B62C-5B11F8AB765B}
	EndGlobalSection
EndGlobal
